// !$*UTF8*$!
{
	archiveVersion = 1;
	classes = {
	};
	objectVersion = 50;
	objects = {

/* Begin PBXBuildFile section */
		BB58BF3C232DE21300A13142 /* Internationalizable.swift in Sources */ = {isa = PBXBuildFile; fileRef = BB58BF3B232DE21300A13142 /* Internationalizable.swift */; };
		BB58BF48232DEE2700A13142 /* Strings.swift in Sources */ = {isa = PBXBuildFile; fileRef = BB58BF47232DEE2700A13142 /* Strings.swift */; };
		BB58BF4D232E6AD000A13142 /* Quick.framework in Frameworks */ = {isa = PBXBuildFile; fileRef = BB58BF4B232E6AD000A13142 /* Quick.framework */; };
		BB58BF4E232E6AD000A13142 /* Nimble.framework in Frameworks */ = {isa = PBXBuildFile; fileRef = BB58BF4C232E6AD000A13142 /* Nimble.framework */; };
		BB58BF52232E6BBC00A13142 /* Nimble.framework in CopyFiles */ = {isa = PBXBuildFile; fileRef = BB58BF4C232E6AD000A13142 /* Nimble.framework */; settings = {ATTRIBUTES = (CodeSignOnCopy, RemoveHeadersOnCopy, ); }; };
		BB58BF53232E6BBC00A13142 /* Quick.framework in CopyFiles */ = {isa = PBXBuildFile; fileRef = BB58BF4B232E6AD000A13142 /* Quick.framework */; settings = {ATTRIBUTES = (CodeSignOnCopy, RemoveHeadersOnCopy, ); }; };
		BB58BF56232E6D0300A13142 /* StringsSpec.swift in Sources */ = {isa = PBXBuildFile; fileRef = BB58BF55232E6D0300A13142 /* StringsSpec.swift */; };
		BB58BF58232E6D1400A13142 /* InternationalizableSpec.swift in Sources */ = {isa = PBXBuildFile; fileRef = BB58BF57232E6D1400A13142 /* InternationalizableSpec.swift */; };
		BB58BF61232E6E9500A13142 /* StringsSpec.strings in Resources */ = {isa = PBXBuildFile; fileRef = BB58BF63232E6E9500A13142 /* StringsSpec.strings */; };
		BB58BF67232E793B00A13142 /* TestClass.swift in Sources */ = {isa = PBXBuildFile; fileRef = BB58BF66232E793B00A13142 /* TestClass.swift */; };
		BB58BF6A232E796600A13142 /* TestClass.strings in Resources */ = {isa = PBXBuildFile; fileRef = BB58BF6C232E796600A13142 /* TestClass.strings */; };
		BB58BF75232E7FDA00A13142 /* TestXibedViewController.swift in Sources */ = {isa = PBXBuildFile; fileRef = BB58BF73232E7FDA00A13142 /* TestXibedViewController.swift */; };
		BB58BF76232E7FDA00A13142 /* TestXibedViewController.xib in Resources */ = {isa = PBXBuildFile; fileRef = BB58BF74232E7FDA00A13142 /* TestXibedViewController.xib */; };
		BB58BF79232E80A400A13142 /* XibedViewControllerSpec.swift in Sources */ = {isa = PBXBuildFile; fileRef = BB58BF78232E80A400A13142 /* XibedViewControllerSpec.swift */; };
		BB58BF7B232E824000A13142 /* TestXibedView.swift in Sources */ = {isa = PBXBuildFile; fileRef = BB58BF7A232E824000A13142 /* TestXibedView.swift */; };
		BB58BF7D232E826D00A13142 /* TestXibedView.xib in Resources */ = {isa = PBXBuildFile; fileRef = BB58BF7C232E826D00A13142 /* TestXibedView.xib */; };
		BB58BF7F232E835F00A13142 /* XibedViewSpec.swift in Sources */ = {isa = PBXBuildFile; fileRef = BB58BF7E232E835F00A13142 /* XibedViewSpec.swift */; };
		BB58BF81232E842500A13142 /* TestStoryboarded.storyboard in Resources */ = {isa = PBXBuildFile; fileRef = BB58BF80232E842500A13142 /* TestStoryboarded.storyboard */; };
		BB58BF83232E843900A13142 /* TestStoryboarded.swift in Sources */ = {isa = PBXBuildFile; fileRef = BB58BF82232E843900A13142 /* TestStoryboarded.swift */; };
		BB58BF85232E849400A13142 /* StoryboardedSpec.swift in Sources */ = {isa = PBXBuildFile; fileRef = BB58BF84232E849400A13142 /* StoryboardedSpec.swift */; };
		BB61919B232406BA007E4C48 /* Coordinator.swift in Sources */ = {isa = PBXBuildFile; fileRef = BB619192232406BA007E4C48 /* Coordinator.swift */; };
		BB61919C232406BA007E4C48 /* Module.swift in Sources */ = {isa = PBXBuildFile; fileRef = BB619194232406BA007E4C48 /* Module.swift */; };
		BB61919D232406BA007E4C48 /* XibedViewController.swift in Sources */ = {isa = PBXBuildFile; fileRef = BB619196232406BA007E4C48 /* XibedViewController.swift */; };
		BB61919E232406BA007E4C48 /* XibedView.swift in Sources */ = {isa = PBXBuildFile; fileRef = BB619197232406BA007E4C48 /* XibedView.swift */; };
		BB61919F232406BA007E4C48 /* Instantiable.swift in Sources */ = {isa = PBXBuildFile; fileRef = BB619198232406BA007E4C48 /* Instantiable.swift */; };
		BB6191A0232406BA007E4C48 /* Storyboarded.swift in Sources */ = {isa = PBXBuildFile; fileRef = BB619199232406BA007E4C48 /* Storyboarded.swift */; };
		BB6191A1232406BA007E4C48 /* ViewCodedViewController.swift in Sources */ = {isa = PBXBuildFile; fileRef = BB61919A232406BA007E4C48 /* ViewCodedViewController.swift */; };
		BB61920123243AFC007E4C48 /* CommonAssets.xcassets in Resources */ = {isa = PBXBuildFile; fileRef = BB61920023243AFC007E4C48 /* CommonAssets.xcassets */; };
		BB61920323243B01007E4C48 /* Assets.swift in Sources */ = {isa = PBXBuildFile; fileRef = BB61920223243B01007E4C48 /* Assets.swift */; };
		BB61920723244503007E4C48 /* UIColor+Util.swift in Sources */ = {isa = PBXBuildFile; fileRef = BB61920623244503007E4C48 /* UIColor+Util.swift */; };
		BBD326592323D8D9006E7DBC /* Common.framework in Frameworks */ = {isa = PBXBuildFile; fileRef = BBD3264F2323D8D9006E7DBC /* Common.framework */; };
		BBD326602323D8DA006E7DBC /* Common.h in Headers */ = {isa = PBXBuildFile; fileRef = BBD326522323D8D9006E7DBC /* Common.h */; settings = {ATTRIBUTES = (Public, ); }; };
		BBE2E32D232B1DCA008D811D /* UIColor+Tint.swift in Sources */ = {isa = PBXBuildFile; fileRef = BBE2E32C232B1DCA008D811D /* UIColor+Tint.swift */; };
/* End PBXBuildFile section */

/* Begin PBXContainerItemProxy section */
		BBD3265A2323D8D9006E7DBC /* PBXContainerItemProxy */ = {
			isa = PBXContainerItemProxy;
			containerPortal = BBD326462323D8D9006E7DBC /* Project object */;
			proxyType = 1;
			remoteGlobalIDString = BBD3264E2323D8D9006E7DBC;
			remoteInfo = Common;
		};
/* End PBXContainerItemProxy section */

/* Begin PBXCopyFilesBuildPhase section */
		BB58BF51232E6BAE00A13142 /* CopyFiles */ = {
			isa = PBXCopyFilesBuildPhase;
			buildActionMask = 2147483647;
			dstPath = "";
			dstSubfolderSpec = 10;
			files = (
				BB58BF52232E6BBC00A13142 /* Nimble.framework in CopyFiles */,
				BB58BF53232E6BBC00A13142 /* Quick.framework in CopyFiles */,
			);
			runOnlyForDeploymentPostprocessing = 0;
		};
/* End PBXCopyFilesBuildPhase section */

/* Begin PBXFileReference section */
		BB58BF3B232DE21300A13142 /* Internationalizable.swift */ = {isa = PBXFileReference; lastKnownFileType = sourcecode.swift; path = Internationalizable.swift; sourceTree = "<group>"; };
		BB58BF47232DEE2700A13142 /* Strings.swift */ = {isa = PBXFileReference; lastKnownFileType = sourcecode.swift; path = Strings.swift; sourceTree = "<group>"; };
		BB58BF4B232E6AD000A13142 /* Quick.framework */ = {isa = PBXFileReference; lastKnownFileType = wrapper.framework; name = Quick.framework; path = Carthage/Build/iOS/Quick.framework; sourceTree = "<group>"; };
		BB58BF4C232E6AD000A13142 /* Nimble.framework */ = {isa = PBXFileReference; lastKnownFileType = wrapper.framework; name = Nimble.framework; path = Carthage/Build/iOS/Nimble.framework; sourceTree = "<group>"; };
		BB58BF55232E6D0300A13142 /* StringsSpec.swift */ = {isa = PBXFileReference; lastKnownFileType = sourcecode.swift; path = StringsSpec.swift; sourceTree = "<group>"; };
		BB58BF57232E6D1400A13142 /* InternationalizableSpec.swift */ = {isa = PBXFileReference; lastKnownFileType = sourcecode.swift; path = InternationalizableSpec.swift; sourceTree = "<group>"; };
		BB58BF62232E6E9500A13142 /* en-US */ = {isa = PBXFileReference; lastKnownFileType = text.plist.strings; name = "en-US"; path = "en-US.lproj/StringsSpec.strings"; sourceTree = "<group>"; };
		BB58BF64232E6E9600A13142 /* pt-BR */ = {isa = PBXFileReference; lastKnownFileType = text.plist.strings; name = "pt-BR"; path = "pt-BR.lproj/StringsSpec.strings"; sourceTree = "<group>"; };
		BB58BF66232E793B00A13142 /* TestClass.swift */ = {isa = PBXFileReference; lastKnownFileType = sourcecode.swift; path = TestClass.swift; sourceTree = "<group>"; };
		BB58BF6B232E796600A13142 /* en-US */ = {isa = PBXFileReference; lastKnownFileType = text.plist.strings; name = "en-US"; path = "en-US.lproj/TestClass.strings"; sourceTree = "<group>"; };
		BB58BF73232E7FDA00A13142 /* TestXibedViewController.swift */ = {isa = PBXFileReference; lastKnownFileType = sourcecode.swift; path = TestXibedViewController.swift; sourceTree = "<group>"; };
		BB58BF74232E7FDA00A13142 /* TestXibedViewController.xib */ = {isa = PBXFileReference; lastKnownFileType = file.xib; path = TestXibedViewController.xib; sourceTree = "<group>"; };
		BB58BF78232E80A400A13142 /* XibedViewControllerSpec.swift */ = {isa = PBXFileReference; lastKnownFileType = sourcecode.swift; path = XibedViewControllerSpec.swift; sourceTree = "<group>"; };
		BB58BF7A232E824000A13142 /* TestXibedView.swift */ = {isa = PBXFileReference; lastKnownFileType = sourcecode.swift; path = TestXibedView.swift; sourceTree = "<group>"; };
		BB58BF7C232E826D00A13142 /* TestXibedView.xib */ = {isa = PBXFileReference; lastKnownFileType = file.xib; path = TestXibedView.xib; sourceTree = "<group>"; };
		BB58BF7E232E835F00A13142 /* XibedViewSpec.swift */ = {isa = PBXFileReference; lastKnownFileType = sourcecode.swift; path = XibedViewSpec.swift; sourceTree = "<group>"; };
		BB58BF80232E842500A13142 /* TestStoryboarded.storyboard */ = {isa = PBXFileReference; lastKnownFileType = file.storyboard; path = TestStoryboarded.storyboard; sourceTree = "<group>"; };
		BB58BF82232E843900A13142 /* TestStoryboarded.swift */ = {isa = PBXFileReference; lastKnownFileType = sourcecode.swift; path = TestStoryboarded.swift; sourceTree = "<group>"; };
		BB58BF84232E849400A13142 /* StoryboardedSpec.swift */ = {isa = PBXFileReference; lastKnownFileType = sourcecode.swift; path = StoryboardedSpec.swift; sourceTree = "<group>"; };
		BB619192232406BA007E4C48 /* Coordinator.swift */ = {isa = PBXFileReference; fileEncoding = 4; lastKnownFileType = sourcecode.swift; path = Coordinator.swift; sourceTree = "<group>"; };
		BB619194232406BA007E4C48 /* Module.swift */ = {isa = PBXFileReference; fileEncoding = 4; lastKnownFileType = sourcecode.swift; path = Module.swift; sourceTree = "<group>"; };
		BB619196232406BA007E4C48 /* XibedViewController.swift */ = {isa = PBXFileReference; fileEncoding = 4; lastKnownFileType = sourcecode.swift; path = XibedViewController.swift; sourceTree = "<group>"; };
		BB619197232406BA007E4C48 /* XibedView.swift */ = {isa = PBXFileReference; fileEncoding = 4; lastKnownFileType = sourcecode.swift; path = XibedView.swift; sourceTree = "<group>"; };
		BB619198232406BA007E4C48 /* Instantiable.swift */ = {isa = PBXFileReference; fileEncoding = 4; lastKnownFileType = sourcecode.swift; path = Instantiable.swift; sourceTree = "<group>"; };
		BB619199232406BA007E4C48 /* Storyboarded.swift */ = {isa = PBXFileReference; fileEncoding = 4; lastKnownFileType = sourcecode.swift; path = Storyboarded.swift; sourceTree = "<group>"; };
		BB61919A232406BA007E4C48 /* ViewCodedViewController.swift */ = {isa = PBXFileReference; fileEncoding = 4; lastKnownFileType = sourcecode.swift; path = ViewCodedViewController.swift; sourceTree = "<group>"; };
		BB61920023243AFC007E4C48 /* CommonAssets.xcassets */ = {isa = PBXFileReference; lastKnownFileType = folder.assetcatalog; path = CommonAssets.xcassets; sourceTree = "<group>"; };
		BB61920223243B01007E4C48 /* Assets.swift */ = {isa = PBXFileReference; fileEncoding = 4; lastKnownFileType = sourcecode.swift; path = Assets.swift; sourceTree = "<group>"; };
		BB61920623244503007E4C48 /* UIColor+Util.swift */ = {isa = PBXFileReference; lastKnownFileType = sourcecode.swift; path = "UIColor+Util.swift"; sourceTree = "<group>"; };
		BBD3264F2323D8D9006E7DBC /* Common.framework */ = {isa = PBXFileReference; explicitFileType = wrapper.framework; includeInIndex = 0; path = Common.framework; sourceTree = BUILT_PRODUCTS_DIR; };
		BBD326522323D8D9006E7DBC /* Common.h */ = {isa = PBXFileReference; lastKnownFileType = sourcecode.c.h; path = Common.h; sourceTree = "<group>"; };
		BBD326532323D8D9006E7DBC /* Info.plist */ = {isa = PBXFileReference; lastKnownFileType = text.plist.xml; path = Info.plist; sourceTree = "<group>"; };
		BBD326582323D8D9006E7DBC /* CommonTests.xctest */ = {isa = PBXFileReference; explicitFileType = wrapper.cfbundle; includeInIndex = 0; path = CommonTests.xctest; sourceTree = BUILT_PRODUCTS_DIR; };
		BBD3265F2323D8D9006E7DBC /* Info.plist */ = {isa = PBXFileReference; lastKnownFileType = text.plist.xml; path = Info.plist; sourceTree = "<group>"; };
		BBE2E32C232B1DCA008D811D /* UIColor+Tint.swift */ = {isa = PBXFileReference; lastKnownFileType = sourcecode.swift; path = "UIColor+Tint.swift"; sourceTree = "<group>"; };
/* End PBXFileReference section */

/* Begin PBXFrameworksBuildPhase section */
		BBD3264C2323D8D9006E7DBC /* Frameworks */ = {
			isa = PBXFrameworksBuildPhase;
			buildActionMask = 2147483647;
			files = (
			);
			runOnlyForDeploymentPostprocessing = 0;
		};
		BBD326552323D8D9006E7DBC /* Frameworks */ = {
			isa = PBXFrameworksBuildPhase;
			buildActionMask = 2147483647;
			files = (
				BBD326592323D8D9006E7DBC /* Common.framework in Frameworks */,
				BB58BF4D232E6AD000A13142 /* Quick.framework in Frameworks */,
				BB58BF4E232E6AD000A13142 /* Nimble.framework in Frameworks */,
			);
			runOnlyForDeploymentPostprocessing = 0;
		};
/* End PBXFrameworksBuildPhase section */

/* Begin PBXGroup section */
		BB58BF38232DDF4900A13142 /* Internationalization */ = {
			isa = PBXGroup;
			children = (
				BB58BF3B232DE21300A13142 /* Internationalizable.swift */,
				BB58BF47232DEE2700A13142 /* Strings.swift */,
			);
			path = Internationalization;
			sourceTree = "<group>";
		};
		BB58BF4A232E6AD000A13142 /* Frameworks */ = {
			isa = PBXGroup;
			children = (
				BB58BF4C232E6AD000A13142 /* Nimble.framework */,
				BB58BF4B232E6AD000A13142 /* Quick.framework */,
			);
			name = Frameworks;
			sourceTree = "<group>";
		};
		BB58BF54232E6CE700A13142 /* Internationalization */ = {
			isa = PBXGroup;
			children = (
				BB58BF55232E6D0300A13142 /* StringsSpec.swift */,
				BB58BF57232E6D1400A13142 /* InternationalizableSpec.swift */,
			);
			path = Internationalization;
			sourceTree = "<group>";
		};
		BB58BF59232E6D5500A13142 /* Resources */ = {
			isa = PBXGroup;
			children = (
				BB58BF63232E6E9500A13142 /* StringsSpec.strings */,
			);
			path = Resources;
			sourceTree = "<group>";
		};
		BB58BF65232E792200A13142 /* HelperClasses */ = {
			isa = PBXGroup;
			children = (
				BB58BF6E232E7ECE00A13142 /* Initialization */,
				BB58BF6D232E7EB000A13142 /* Internationalization */,
			);
			path = HelperClasses;
			sourceTree = "<group>";
		};
		BB58BF6D232E7EB000A13142 /* Internationalization */ = {
			isa = PBXGroup;
			children = (
				BB58BF66232E793B00A13142 /* TestClass.swift */,
				BB58BF6C232E796600A13142 /* TestClass.strings */,
			);
			path = Internationalization;
			sourceTree = "<group>";
		};
		BB58BF6E232E7ECE00A13142 /* Initialization */ = {
			isa = PBXGroup;
			children = (
				BB58BF73232E7FDA00A13142 /* TestXibedViewController.swift */,
				BB58BF74232E7FDA00A13142 /* TestXibedViewController.xib */,
				BB58BF7A232E824000A13142 /* TestXibedView.swift */,
				BB58BF7C232E826D00A13142 /* TestXibedView.xib */,
				BB58BF82232E843900A13142 /* TestStoryboarded.swift */,
				BB58BF80232E842500A13142 /* TestStoryboarded.storyboard */,
			);
			path = Initialization;
			sourceTree = "<group>";
		};
		BB58BF77232E804000A13142 /* Initialization */ = {
			isa = PBXGroup;
			children = (
				BB58BF78232E80A400A13142 /* XibedViewControllerSpec.swift */,
				BB58BF7E232E835F00A13142 /* XibedViewSpec.swift */,
				BB58BF84232E849400A13142 /* StoryboardedSpec.swift */,
			);
			path = Initialization;
			sourceTree = "<group>";
		};
		BB619191232406BA007E4C48 /* Coordinators */ = {
			isa = PBXGroup;
			children = (
				BB619192232406BA007E4C48 /* Coordinator.swift */,
			);
			path = Coordinators;
			sourceTree = "<group>";
		};
		BB619193232406BA007E4C48 /* Module */ = {
			isa = PBXGroup;
			children = (
				BB619194232406BA007E4C48 /* Module.swift */,
			);
			path = Module;
			sourceTree = "<group>";
		};
		BB619195232406BA007E4C48 /* Initialization */ = {
			isa = PBXGroup;
			children = (
				BB619196232406BA007E4C48 /* XibedViewController.swift */,
				BB619197232406BA007E4C48 /* XibedView.swift */,
				BB619198232406BA007E4C48 /* Instantiable.swift */,
				BB619199232406BA007E4C48 /* Storyboarded.swift */,
				BB61919A232406BA007E4C48 /* ViewCodedViewController.swift */,
			);
			path = Initialization;
			sourceTree = "<group>";
		};
		BB6191FF23243AE3007E4C48 /* Resources */ = {
			isa = PBXGroup;
			children = (
				BB61920023243AFC007E4C48 /* CommonAssets.xcassets */,
				BB61920223243B01007E4C48 /* Assets.swift */,
			);
			path = Resources;
			sourceTree = "<group>";
		};
		BB619204232444E7007E4C48 /* Extensions */ = {
			isa = PBXGroup;
			children = (
				BB619205232444EF007E4C48 /* UIKit */,
			);
			path = Extensions;
			sourceTree = "<group>";
		};
		BB619205232444EF007E4C48 /* UIKit */ = {
			isa = PBXGroup;
			children = (
				BB61920623244503007E4C48 /* UIColor+Util.swift */,
				BBE2E32C232B1DCA008D811D /* UIColor+Tint.swift */,
			);
			path = UIKit;
			sourceTree = "<group>";
		};
		BBD326452323D8D9006E7DBC = {
			isa = PBXGroup;
			children = (
				BBD326512323D8D9006E7DBC /* Common */,
				BBD3265C2323D8D9006E7DBC /* CommonTests */,
				BBD326502323D8D9006E7DBC /* Products */,
				BB58BF4A232E6AD000A13142 /* Frameworks */,
			);
			sourceTree = "<group>";
		};
		BBD326502323D8D9006E7DBC /* Products */ = {
			isa = PBXGroup;
			children = (
				BBD3264F2323D8D9006E7DBC /* Common.framework */,
				BBD326582323D8D9006E7DBC /* CommonTests.xctest */,
			);
			name = Products;
			sourceTree = "<group>";
		};
		BBD326512323D8D9006E7DBC /* Common */ = {
			isa = PBXGroup;
			children = (
				BB619191232406BA007E4C48 /* Coordinators */,
				BB619195232406BA007E4C48 /* Initialization */,
				BB58BF38232DDF4900A13142 /* Internationalization */,
				BB619204232444E7007E4C48 /* Extensions */,
				BB6191FF23243AE3007E4C48 /* Resources */,
				BB619193232406BA007E4C48 /* Module */,
				BBD326522323D8D9006E7DBC /* Common.h */,
				BBD326532323D8D9006E7DBC /* Info.plist */,
			);
			path = Common;
			sourceTree = "<group>";
		};
		BBD3265C2323D8D9006E7DBC /* CommonTests */ = {
			isa = PBXGroup;
			children = (
				BB58BF65232E792200A13142 /* HelperClasses */,
				BB58BF59232E6D5500A13142 /* Resources */,
				BB58BF77232E804000A13142 /* Initialization */,
				BB58BF54232E6CE700A13142 /* Internationalization */,
				BBD3265F2323D8D9006E7DBC /* Info.plist */,
			);
			path = CommonTests;
			sourceTree = "<group>";
		};
/* End PBXGroup section */

/* Begin PBXHeadersBuildPhase section */
		BBD3264A2323D8D9006E7DBC /* Headers */ = {
			isa = PBXHeadersBuildPhase;
			buildActionMask = 2147483647;
			files = (
				BBD326602323D8DA006E7DBC /* Common.h in Headers */,
			);
			runOnlyForDeploymentPostprocessing = 0;
		};
/* End PBXHeadersBuildPhase section */

/* Begin PBXNativeTarget section */
		BBD3264E2323D8D9006E7DBC /* Common */ = {
			isa = PBXNativeTarget;
			buildConfigurationList = BBD326632323D8DA006E7DBC /* Build configuration list for PBXNativeTarget "Common" */;
			buildPhases = (
				BBD3264A2323D8D9006E7DBC /* Headers */,
				BBD3264B2323D8D9006E7DBC /* Sources */,
				BBD3264C2323D8D9006E7DBC /* Frameworks */,
				BBD3264D2323D8D9006E7DBC /* Resources */,
				BBD326692323DA0C006E7DBC /* ShellScript */,
			);
			buildRules = (
			);
			dependencies = (
			);
			name = Common;
			productName = Common;
			productReference = BBD3264F2323D8D9006E7DBC /* Common.framework */;
			productType = "com.apple.product-type.framework";
		};
		BBD326572323D8D9006E7DBC /* CommonTests */ = {
			isa = PBXNativeTarget;
			buildConfigurationList = BBD326662323D8DA006E7DBC /* Build configuration list for PBXNativeTarget "CommonTests" */;
			buildPhases = (
				BBD326542323D8D9006E7DBC /* Sources */,
				BBD326552323D8D9006E7DBC /* Frameworks */,
				BBD326562323D8D9006E7DBC /* Resources */,
				BB58BF51232E6BAE00A13142 /* CopyFiles */,
			);
			buildRules = (
			);
			dependencies = (
				BBD3265B2323D8D9006E7DBC /* PBXTargetDependency */,
			);
			name = CommonTests;
			productName = CommonTests;
			productReference = BBD326582323D8D9006E7DBC /* CommonTests.xctest */;
			productType = "com.apple.product-type.bundle.unit-test";
		};
/* End PBXNativeTarget section */

/* Begin PBXProject section */
		BBD326462323D8D9006E7DBC /* Project object */ = {
			isa = PBXProject;
			attributes = {
				LastSwiftUpdateCheck = 1030;
				LastUpgradeCheck = 1030;
				ORGANIZATIONNAME = "José Inácio Athayde Ferrarini";
				TargetAttributes = {
					BBD3264E2323D8D9006E7DBC = {
						CreatedOnToolsVersion = 10.3;
						LastSwiftMigration = 1030;
					};
					BBD326572323D8D9006E7DBC = {
						CreatedOnToolsVersion = 10.3;
					};
				};
			};
			buildConfigurationList = BBD326492323D8D9006E7DBC /* Build configuration list for PBXProject "Common" */;
			compatibilityVersion = "Xcode 9.3";
			developmentRegion = en;
			hasScannedForEncodings = 0;
			knownRegions = (
				"en-US",
				"pt-BR",
			);
			mainGroup = BBD326452323D8D9006E7DBC;
			productRefGroup = BBD326502323D8D9006E7DBC /* Products */;
			projectDirPath = "";
			projectRoot = "";
			targets = (
				BBD3264E2323D8D9006E7DBC /* Common */,
				BBD326572323D8D9006E7DBC /* CommonTests */,
			);
		};
/* End PBXProject section */

/* Begin PBXResourcesBuildPhase section */
		BBD3264D2323D8D9006E7DBC /* Resources */ = {
			isa = PBXResourcesBuildPhase;
			buildActionMask = 2147483647;
			files = (
				BB61920123243AFC007E4C48 /* CommonAssets.xcassets in Resources */,
			);
			runOnlyForDeploymentPostprocessing = 0;
		};
		BBD326562323D8D9006E7DBC /* Resources */ = {
			isa = PBXResourcesBuildPhase;
			buildActionMask = 2147483647;
			files = (
				BB58BF61232E6E9500A13142 /* StringsSpec.strings in Resources */,
				BB58BF81232E842500A13142 /* TestStoryboarded.storyboard in Resources */,
				BB58BF7D232E826D00A13142 /* TestXibedView.xib in Resources */,
				BB58BF6A232E796600A13142 /* TestClass.strings in Resources */,
				BB58BF76232E7FDA00A13142 /* TestXibedViewController.xib in Resources */,
			);
			runOnlyForDeploymentPostprocessing = 0;
		};
/* End PBXResourcesBuildPhase section */

/* Begin PBXShellScriptBuildPhase section */
		BBD326692323DA0C006E7DBC /* ShellScript */ = {
			isa = PBXShellScriptBuildPhase;
			buildActionMask = 2147483647;
			files = (
			);
			inputFileListPaths = (
			);
			inputPaths = (
			);
			outputFileListPaths = (
			);
			outputPaths = (
			);
			runOnlyForDeploymentPostprocessing = 0;
			shellPath = /bin/sh;
			shellScript = "# Type a script or drag a script file from your workspace to insert its path.\nif which swiftlint >/dev/null; then\nswiftlint\nelse\necho \"warning: SwiftLint not installed, download from https://github.com/realm/SwiftLint\"\nfi\n";
		};
/* End PBXShellScriptBuildPhase section */

/* Begin PBXSourcesBuildPhase section */
		BBD3264B2323D8D9006E7DBC /* Sources */ = {
			isa = PBXSourcesBuildPhase;
			buildActionMask = 2147483647;
			files = (
				BB58BF3C232DE21300A13142 /* Internationalizable.swift in Sources */,
				BB61919B232406BA007E4C48 /* Coordinator.swift in Sources */,
				BB61920723244503007E4C48 /* UIColor+Util.swift in Sources */,
				BB6191A1232406BA007E4C48 /* ViewCodedViewController.swift in Sources */,
				BB61920323243B01007E4C48 /* Assets.swift in Sources */,
				BBE2E32D232B1DCA008D811D /* UIColor+Tint.swift in Sources */,
				BB61919E232406BA007E4C48 /* XibedView.swift in Sources */,
				BB61919F232406BA007E4C48 /* Instantiable.swift in Sources */,
				BB61919C232406BA007E4C48 /* Module.swift in Sources */,
				BB61919D232406BA007E4C48 /* XibedViewController.swift in Sources */,
				BB58BF48232DEE2700A13142 /* Strings.swift in Sources */,
				BB6191A0232406BA007E4C48 /* Storyboarded.swift in Sources */,
			);
			runOnlyForDeploymentPostprocessing = 0;
		};
		BBD326542323D8D9006E7DBC /* Sources */ = {
			isa = PBXSourcesBuildPhase;
			buildActionMask = 2147483647;
			files = (
				BB58BF7F232E835F00A13142 /* XibedViewSpec.swift in Sources */,
				BB58BF58232E6D1400A13142 /* InternationalizableSpec.swift in Sources */,
				BB58BF67232E793B00A13142 /* TestClass.swift in Sources */,
				BB58BF83232E843900A13142 /* TestStoryboarded.swift in Sources */,
				BB58BF56232E6D0300A13142 /* StringsSpec.swift in Sources */,
				BB58BF79232E80A400A13142 /* XibedViewControllerSpec.swift in Sources */,
				BB58BF75232E7FDA00A13142 /* TestXibedViewController.swift in Sources */,
				BB58BF85232E849400A13142 /* StoryboardedSpec.swift in Sources */,
				BB58BF7B232E824000A13142 /* TestXibedView.swift in Sources */,
			);
			runOnlyForDeploymentPostprocessing = 0;
		};
/* End PBXSourcesBuildPhase section */

/* Begin PBXTargetDependency section */
		BBD3265B2323D8D9006E7DBC /* PBXTargetDependency */ = {
			isa = PBXTargetDependency;
			target = BBD3264E2323D8D9006E7DBC /* Common */;
			targetProxy = BBD3265A2323D8D9006E7DBC /* PBXContainerItemProxy */;
		};
/* End PBXTargetDependency section */

/* Begin PBXVariantGroup section */
		BB58BF63232E6E9500A13142 /* StringsSpec.strings */ = {
			isa = PBXVariantGroup;
			children = (
				BB58BF62232E6E9500A13142 /* en-US */,
				BB58BF64232E6E9600A13142 /* pt-BR */,
			);
			name = StringsSpec.strings;
			sourceTree = "<group>";
		};
		BB58BF6C232E796600A13142 /* TestClass.strings */ = {
			isa = PBXVariantGroup;
			children = (
				BB58BF6B232E796600A13142 /* en-US */,
			);
			name = TestClass.strings;
			sourceTree = "<group>";
		};
/* End PBXVariantGroup section */

/* Begin XCBuildConfiguration section */
		BBD326612323D8DA006E7DBC /* Debug */ = {
			isa = XCBuildConfiguration;
			buildSettings = {
				ALWAYS_SEARCH_USER_PATHS = NO;
				CLANG_ANALYZER_NONNULL = YES;
				CLANG_ANALYZER_NUMBER_OBJECT_CONVERSION = YES_AGGRESSIVE;
				CLANG_CXX_LANGUAGE_STANDARD = "gnu++14";
				CLANG_CXX_LIBRARY = "libc++";
				CLANG_ENABLE_MODULES = YES;
				CLANG_ENABLE_OBJC_ARC = YES;
				CLANG_ENABLE_OBJC_WEAK = YES;
				CLANG_WARN_BLOCK_CAPTURE_AUTORELEASING = YES;
				CLANG_WARN_BOOL_CONVERSION = YES;
				CLANG_WARN_COMMA = YES;
				CLANG_WARN_CONSTANT_CONVERSION = YES;
				CLANG_WARN_DEPRECATED_OBJC_IMPLEMENTATIONS = YES;
				CLANG_WARN_DIRECT_OBJC_ISA_USAGE = YES_ERROR;
				CLANG_WARN_DOCUMENTATION_COMMENTS = YES;
				CLANG_WARN_EMPTY_BODY = YES;
				CLANG_WARN_ENUM_CONVERSION = YES;
				CLANG_WARN_INFINITE_RECURSION = YES;
				CLANG_WARN_INT_CONVERSION = YES;
				CLANG_WARN_NON_LITERAL_NULL_CONVERSION = YES;
				CLANG_WARN_OBJC_IMPLICIT_RETAIN_SELF = YES;
				CLANG_WARN_OBJC_LITERAL_CONVERSION = YES;
				CLANG_WARN_OBJC_ROOT_CLASS = YES_ERROR;
				CLANG_WARN_RANGE_LOOP_ANALYSIS = YES;
				CLANG_WARN_STRICT_PROTOTYPES = YES;
				CLANG_WARN_SUSPICIOUS_MOVE = YES;
				CLANG_WARN_UNGUARDED_AVAILABILITY = YES_AGGRESSIVE;
				CLANG_WARN_UNREACHABLE_CODE = YES;
				CLANG_WARN__DUPLICATE_METHOD_MATCH = YES;
				CODE_SIGN_IDENTITY = "iPhone Developer";
				COPY_PHASE_STRIP = NO;
				CURRENT_PROJECT_VERSION = 1;
				DEBUG_INFORMATION_FORMAT = dwarf;
				ENABLE_STRICT_OBJC_MSGSEND = YES;
				ENABLE_TESTABILITY = YES;
				GCC_C_LANGUAGE_STANDARD = gnu11;
				GCC_DYNAMIC_NO_PIC = NO;
				GCC_NO_COMMON_BLOCKS = YES;
				GCC_OPTIMIZATION_LEVEL = 0;
				GCC_PREPROCESSOR_DEFINITIONS = (
					"DEBUG=1",
					"$(inherited)",
				);
				GCC_WARN_64_TO_32_BIT_CONVERSION = YES;
				GCC_WARN_ABOUT_RETURN_TYPE = YES_ERROR;
				GCC_WARN_UNDECLARED_SELECTOR = YES;
				GCC_WARN_UNINITIALIZED_AUTOS = YES_AGGRESSIVE;
				GCC_WARN_UNUSED_FUNCTION = YES;
				GCC_WARN_UNUSED_VARIABLE = YES;
				IPHONEOS_DEPLOYMENT_TARGET = 12.4;
				MTL_ENABLE_DEBUG_INFO = INCLUDE_SOURCE;
				MTL_FAST_MATH = YES;
				ONLY_ACTIVE_ARCH = YES;
				SDKROOT = iphoneos;
				SWIFT_ACTIVE_COMPILATION_CONDITIONS = DEBUG;
				SWIFT_OPTIMIZATION_LEVEL = "-Onone";
				VERSIONING_SYSTEM = "apple-generic";
				VERSION_INFO_PREFIX = "";
			};
			name = Debug;
		};
		BBD326622323D8DA006E7DBC /* Release */ = {
			isa = XCBuildConfiguration;
			buildSettings = {
				ALWAYS_SEARCH_USER_PATHS = NO;
				CLANG_ANALYZER_NONNULL = YES;
				CLANG_ANALYZER_NUMBER_OBJECT_CONVERSION = YES_AGGRESSIVE;
				CLANG_CXX_LANGUAGE_STANDARD = "gnu++14";
				CLANG_CXX_LIBRARY = "libc++";
				CLANG_ENABLE_MODULES = YES;
				CLANG_ENABLE_OBJC_ARC = YES;
				CLANG_ENABLE_OBJC_WEAK = YES;
				CLANG_WARN_BLOCK_CAPTURE_AUTORELEASING = YES;
				CLANG_WARN_BOOL_CONVERSION = YES;
				CLANG_WARN_COMMA = YES;
				CLANG_WARN_CONSTANT_CONVERSION = YES;
				CLANG_WARN_DEPRECATED_OBJC_IMPLEMENTATIONS = YES;
				CLANG_WARN_DIRECT_OBJC_ISA_USAGE = YES_ERROR;
				CLANG_WARN_DOCUMENTATION_COMMENTS = YES;
				CLANG_WARN_EMPTY_BODY = YES;
				CLANG_WARN_ENUM_CONVERSION = YES;
				CLANG_WARN_INFINITE_RECURSION = YES;
				CLANG_WARN_INT_CONVERSION = YES;
				CLANG_WARN_NON_LITERAL_NULL_CONVERSION = YES;
				CLANG_WARN_OBJC_IMPLICIT_RETAIN_SELF = YES;
				CLANG_WARN_OBJC_LITERAL_CONVERSION = YES;
				CLANG_WARN_OBJC_ROOT_CLASS = YES_ERROR;
				CLANG_WARN_RANGE_LOOP_ANALYSIS = YES;
				CLANG_WARN_STRICT_PROTOTYPES = YES;
				CLANG_WARN_SUSPICIOUS_MOVE = YES;
				CLANG_WARN_UNGUARDED_AVAILABILITY = YES_AGGRESSIVE;
				CLANG_WARN_UNREACHABLE_CODE = YES;
				CLANG_WARN__DUPLICATE_METHOD_MATCH = YES;
				CODE_SIGN_IDENTITY = "iPhone Developer";
				COPY_PHASE_STRIP = NO;
				CURRENT_PROJECT_VERSION = 1;
				DEBUG_INFORMATION_FORMAT = "dwarf-with-dsym";
				ENABLE_NS_ASSERTIONS = NO;
				ENABLE_STRICT_OBJC_MSGSEND = YES;
				GCC_C_LANGUAGE_STANDARD = gnu11;
				GCC_NO_COMMON_BLOCKS = YES;
				GCC_WARN_64_TO_32_BIT_CONVERSION = YES;
				GCC_WARN_ABOUT_RETURN_TYPE = YES_ERROR;
				GCC_WARN_UNDECLARED_SELECTOR = YES;
				GCC_WARN_UNINITIALIZED_AUTOS = YES_AGGRESSIVE;
				GCC_WARN_UNUSED_FUNCTION = YES;
				GCC_WARN_UNUSED_VARIABLE = YES;
				IPHONEOS_DEPLOYMENT_TARGET = 12.4;
				MTL_ENABLE_DEBUG_INFO = NO;
				MTL_FAST_MATH = YES;
				SDKROOT = iphoneos;
				SWIFT_COMPILATION_MODE = wholemodule;
				SWIFT_OPTIMIZATION_LEVEL = "-O";
				VALIDATE_PRODUCT = YES;
				VERSIONING_SYSTEM = "apple-generic";
				VERSION_INFO_PREFIX = "";
			};
			name = Release;
		};
		BBD326642323D8DA006E7DBC /* Debug */ = {
			isa = XCBuildConfiguration;
			buildSettings = {
				CLANG_ENABLE_MODULES = YES;
				CODE_SIGN_IDENTITY = "";
				CODE_SIGN_STYLE = Automatic;
				DEFINES_MODULE = YES;
				DEVELOPMENT_TEAM = TS43775FV9;
				DYLIB_COMPATIBILITY_VERSION = 1;
				DYLIB_CURRENT_VERSION = 1;
				DYLIB_INSTALL_NAME_BASE = "@rpath";
				INFOPLIST_FILE = Common/Info.plist;
				INSTALL_PATH = "$(LOCAL_LIBRARY_DIR)/Frameworks";
				LD_RUNPATH_SEARCH_PATHS = (
					"$(inherited)",
					"@executable_path/Frameworks",
					"@loader_path/Frameworks",
				);
				PRODUCT_BUNDLE_IDENTIFIER = com.inacio.concrete.Common;
				PRODUCT_NAME = "$(TARGET_NAME:c99extidentifier)";
				SKIP_INSTALL = YES;
				SWIFT_OPTIMIZATION_LEVEL = "-Onone";
				SWIFT_VERSION = 5.0;
				TARGETED_DEVICE_FAMILY = "1,2";
			};
			name = Debug;
		};
		BBD326652323D8DA006E7DBC /* Release */ = {
			isa = XCBuildConfiguration;
			buildSettings = {
				CLANG_ENABLE_MODULES = YES;
				CODE_SIGN_IDENTITY = "";
				CODE_SIGN_STYLE = Automatic;
				DEFINES_MODULE = YES;
				DEVELOPMENT_TEAM = TS43775FV9;
				DYLIB_COMPATIBILITY_VERSION = 1;
				DYLIB_CURRENT_VERSION = 1;
				DYLIB_INSTALL_NAME_BASE = "@rpath";
				INFOPLIST_FILE = Common/Info.plist;
				INSTALL_PATH = "$(LOCAL_LIBRARY_DIR)/Frameworks";
				LD_RUNPATH_SEARCH_PATHS = (
					"$(inherited)",
					"@executable_path/Frameworks",
					"@loader_path/Frameworks",
				);
				PRODUCT_BUNDLE_IDENTIFIER = com.inacio.concrete.Common;
				PRODUCT_NAME = "$(TARGET_NAME:c99extidentifier)";
				SKIP_INSTALL = YES;
				SWIFT_VERSION = 5.0;
				TARGETED_DEVICE_FAMILY = "1,2";
			};
			name = Release;
		};
		BBD326672323D8DA006E7DBC /* Debug */ = {
			isa = XCBuildConfiguration;
			buildSettings = {
				ALWAYS_EMBED_SWIFT_STANDARD_LIBRARIES = YES;
				CODE_SIGN_STYLE = Automatic;
				DEVELOPMENT_TEAM = TS43775FV9;
				FRAMEWORK_SEARCH_PATHS = (
					"$(inherited)",
					"$(PROJECT_DIR)/Carthage/Build/iOS",
				);
				INFOPLIST_FILE = CommonTests/Info.plist;
				LD_RUNPATH_SEARCH_PATHS = (
					"$(inherited)",
					"@executable_path/Frameworks",
					"@loader_path/Frameworks",
				);
				PRODUCT_BUNDLE_IDENTIFIER = com.inacio.concrete.CommonTests;
				PRODUCT_NAME = "$(TARGET_NAME)";
				SWIFT_VERSION = 5.0;
				TARGETED_DEVICE_FAMILY = "1,2";
			};
			name = Debug;
		};
		BBD326682323D8DA006E7DBC /* Release */ = {
			isa = XCBuildConfiguration;
			buildSettings = {
				ALWAYS_EMBED_SWIFT_STANDARD_LIBRARIES = YES;
				CODE_SIGN_STYLE = Automatic;
				DEVELOPMENT_TEAM = TS43775FV9;
				FRAMEWORK_SEARCH_PATHS = (
					"$(inherited)",
					"$(PROJECT_DIR)/Carthage/Build/iOS",
				);
				INFOPLIST_FILE = CommonTests/Info.plist;
				LD_RUNPATH_SEARCH_PATHS = (
					"$(inherited)",
					"@executable_path/Frameworks",
					"@loader_path/Frameworks",
				);
				PRODUCT_BUNDLE_IDENTIFIER = com.inacio.concrete.CommonTests;
				PRODUCT_NAME = "$(TARGET_NAME)";
				SWIFT_VERSION = 5.0;
				TARGETED_DEVICE_FAMILY = "1,2";
			};
			name = Release;
		};
/* End XCBuildConfiguration section */

/* Begin XCConfigurationList section */
		BBD326492323D8D9006E7DBC /* Build configuration list for PBXProject "Common" */ = {
			isa = XCConfigurationList;
			buildConfigurations = (
				BBD326612323D8DA006E7DBC /* Debug */,
				BBD326622323D8DA006E7DBC /* Release */,
			);
			defaultConfigurationIsVisible = 0;
			defaultConfigurationName = Release;
		};
		BBD326632323D8DA006E7DBC /* Build configuration list for PBXNativeTarget "Common" */ = {
			isa = XCConfigurationList;
			buildConfigurations = (
				BBD326642323D8DA006E7DBC /* Debug */,
				BBD326652323D8DA006E7DBC /* Release */,
			);
			defaultConfigurationIsVisible = 0;
			defaultConfigurationName = Release;
		};
		BBD326662323D8DA006E7DBC /* Build configuration list for PBXNativeTarget "CommonTests" */ = {
			isa = XCConfigurationList;
			buildConfigurations = (
				BBD326672323D8DA006E7DBC /* Debug */,
				BBD326682323D8DA006E7DBC /* Release */,
			);
			defaultConfigurationIsVisible = 0;
			defaultConfigurationName = Release;
		};
/* End XCConfigurationList section */
	};
	rootObject = BBD326462323D8D9006E7DBC /* Project object */;
}
