// !$*UTF8*$!
{
	archiveVersion = 1;
	classes = {
	};
	objectVersion = 50;
	objects = {

/* Begin PBXBuildFile section */
		BB19D9B923308941004DECD6 /* UISearchBar+Utils.swift in Sources */ = {isa = PBXBuildFile; fileRef = BB19D9B823308941004DECD6 /* UISearchBar+Utils.swift */; };
		BB46E07B2335C25400F02CE5 /* String+Date.swift in Sources */ = {isa = PBXBuildFile; fileRef = BB46E07A2335C25400F02CE5 /* String+Date.swift */; };
		BB46E07D2335C47800F02CE5 /* Date+Components.swift in Sources */ = {isa = PBXBuildFile; fileRef = BB46E07C2335C47800F02CE5 /* Date+Components.swift */; };
		BB46E0802335DCB000F02CE5 /* ImageCache.swift in Sources */ = {isa = PBXBuildFile; fileRef = BB46E07F2335DCB000F02CE5 /* ImageCache.swift */; };
		BB46E0822335DFE200F02CE5 /* UIImage+Download.swift in Sources */ = {isa = PBXBuildFile; fileRef = BB46E0812335DFE200F02CE5 /* UIImage+Download.swift */; };
		BB46E09223365C8B00F02CE5 /* ErrorView.swift in Sources */ = {isa = PBXBuildFile; fileRef = BB46E09123365C8B00F02CE5 /* ErrorView.swift */; };
		BB46E09423365CA700F02CE5 /* ErrorView.xib in Resources */ = {isa = PBXBuildFile; fileRef = BB46E09323365CA700F02CE5 /* ErrorView.xib */; };
		BB46E09623365D3C00F02CE5 /* LoadingView.xib in Resources */ = {isa = PBXBuildFile; fileRef = BB46E09523365D3C00F02CE5 /* LoadingView.xib */; };
		BB46E09823365D4A00F02CE5 /* LoadingView.swift in Sources */ = {isa = PBXBuildFile; fileRef = BB46E09723365D4A00F02CE5 /* LoadingView.swift */; };
		BB46E09A23365D5F00F02CE5 /* NotFoundView.swift in Sources */ = {isa = PBXBuildFile; fileRef = BB46E09923365D5F00F02CE5 /* NotFoundView.swift */; };
		BB46E09C23365D6F00F02CE5 /* NotFoundView.xib in Resources */ = {isa = PBXBuildFile; fileRef = BB46E09B23365D6F00F02CE5 /* NotFoundView.xib */; };
		BB46E09E233669B700F02CE5 /* UIView+Extras.swift in Sources */ = {isa = PBXBuildFile; fileRef = BB46E09D233669B700F02CE5 /* UIView+Extras.swift */; };
		BB51F51723397A5F0054EB57 /* UIViewController+Toast.swift in Sources */ = {isa = PBXBuildFile; fileRef = BB51F51623397A5F0054EB57 /* UIViewController+Toast.swift */; };
		BB51F51923397BE90054EB57 /* SVProgressHUD.framework in Frameworks */ = {isa = PBXBuildFile; fileRef = BB51F51823397BE90054EB57 /* SVProgressHUD.framework */; };
		BB58BF4D232E6AD000A13142 /* Quick.framework in Frameworks */ = {isa = PBXBuildFile; fileRef = BB58BF4B232E6AD000A13142 /* Quick.framework */; };
		BB58BF4E232E6AD000A13142 /* Nimble.framework in Frameworks */ = {isa = PBXBuildFile; fileRef = BB58BF4C232E6AD000A13142 /* Nimble.framework */; };
		BB58BF52232E6BBC00A13142 /* Nimble.framework in CopyFiles */ = {isa = PBXBuildFile; fileRef = BB58BF4C232E6AD000A13142 /* Nimble.framework */; settings = {ATTRIBUTES = (CodeSignOnCopy, RemoveHeadersOnCopy, ); }; };
		BB58BF53232E6BBC00A13142 /* Quick.framework in CopyFiles */ = {isa = PBXBuildFile; fileRef = BB58BF4B232E6AD000A13142 /* Quick.framework */; settings = {ATTRIBUTES = (CodeSignOnCopy, RemoveHeadersOnCopy, ); }; };
		BB58BF8D232E877000A13142 /* UIColor+UtilSpec.swift in Sources */ = {isa = PBXBuildFile; fileRef = BB58BF8C232E877000A13142 /* UIColor+UtilSpec.swift */; };
		BB58BF8F232E877E00A13142 /* UIImage+TintSpec.swift in Sources */ = {isa = PBXBuildFile; fileRef = BB58BF8E232E877E00A13142 /* UIImage+TintSpec.swift */; };
		BB58BF91232E8C3D00A13142 /* ImageTintColor.png in Resources */ = {isa = PBXBuildFile; fileRef = BB58BF90232E8C3D00A13142 /* ImageTintColor.png */; };
		BB58BF95232E907B00A13142 /* ImageTintColorRed.png in Resources */ = {isa = PBXBuildFile; fileRef = BB58BF94232E907A00A13142 /* ImageTintColorRed.png */; };
		BB58BFC9232EAB0E00A13142 /* AssetsSpec.swift in Sources */ = {isa = PBXBuildFile; fileRef = BB58BFC8232EAB0E00A13142 /* AssetsSpec.swift */; };
		BB61920123243AFC007E4C48 /* CommonAssets.xcassets in Resources */ = {isa = PBXBuildFile; fileRef = BB61920023243AFC007E4C48 /* CommonAssets.xcassets */; };
		BB61920323243B01007E4C48 /* Assets.swift in Sources */ = {isa = PBXBuildFile; fileRef = BB61920223243B01007E4C48 /* Assets.swift */; };
		BB61920723244503007E4C48 /* UIColor+Util.swift in Sources */ = {isa = PBXBuildFile; fileRef = BB61920623244503007E4C48 /* UIColor+Util.swift */; };
		BBBC155A233D668E00467BD4 /* SVProgressHUD.framework in CopyFiles */ = {isa = PBXBuildFile; fileRef = BB51F51823397BE90054EB57 /* SVProgressHUD.framework */; settings = {ATTRIBUTES = (CodeSignOnCopy, RemoveHeadersOnCopy, ); }; };
		BBD326592323D8D9006E7DBC /* Common.framework in Frameworks */ = {isa = PBXBuildFile; fileRef = BBD3264F2323D8D9006E7DBC /* Common.framework */; };
		BBD326602323D8DA006E7DBC /* Common.h in Headers */ = {isa = PBXBuildFile; fileRef = BBD326522323D8D9006E7DBC /* Common.h */; settings = {ATTRIBUTES = (Public, ); }; };
		BBE2E32D232B1DCA008D811D /* UIImage+Tint.swift in Sources */ = {isa = PBXBuildFile; fileRef = BBE2E32C232B1DCA008D811D /* UIImage+Tint.swift */; };
		BBEBC53A2340E41F0020CC25 /* Apis.swift in Sources */ = {isa = PBXBuildFile; fileRef = BBEBC5392340E41F0020CC25 /* Apis.swift */; };
		BBEBC53C2340E5750020CC25 /* MoviesApi.swift in Sources */ = {isa = PBXBuildFile; fileRef = BBEBC53B2340E5750020CC25 /* MoviesApi.swift */; };
		BBEBC53E2340E5B70020CC25 /* GenresApi.swift in Sources */ = {isa = PBXBuildFile; fileRef = BBEBC53D2340E5B70020CC25 /* GenresApi.swift */; };
		BBEBC5442340E97F0020CC25 /* Movie.swift in Sources */ = {isa = PBXBuildFile; fileRef = BBEBC5402340E97F0020CC25 /* Movie.swift */; };
		BBEBC5452340E97F0020CC25 /* Genre.swift in Sources */ = {isa = PBXBuildFile; fileRef = BBEBC5412340E97F0020CC25 /* Genre.swift */; };
		BBEBC5462340E97F0020CC25 /* MovieSearchResult.swift in Sources */ = {isa = PBXBuildFile; fileRef = BBEBC5422340E97F0020CC25 /* MovieSearchResult.swift */; };
		BBEBC5472340E97F0020CC25 /* GenreListResult.swift in Sources */ = {isa = PBXBuildFile; fileRef = BBEBC5432340E97F0020CC25 /* GenreListResult.swift */; };
		BBEBC54A2340EC690020CC25 /* PopularMoviesRequest.swift in Sources */ = {isa = PBXBuildFile; fileRef = BBEBC5492340EC690020CC25 /* PopularMoviesRequest.swift */; };
/* End PBXBuildFile section */

/* Begin PBXContainerItemProxy section */
		BBD3265A2323D8D9006E7DBC /* PBXContainerItemProxy */ = {
			isa = PBXContainerItemProxy;
			containerPortal = BBD326462323D8D9006E7DBC /* Project object */;
			proxyType = 1;
			remoteGlobalIDString = BBD3264E2323D8D9006E7DBC;
			remoteInfo = Common;
		};
/* End PBXContainerItemProxy section */

/* Begin PBXCopyFilesBuildPhase section */
		BB58BF51232E6BAE00A13142 /* CopyFiles */ = {
			isa = PBXCopyFilesBuildPhase;
			buildActionMask = 2147483647;
			dstPath = "";
			dstSubfolderSpec = 10;
			files = (
				BBBC155A233D668E00467BD4 /* SVProgressHUD.framework in CopyFiles */,
				BB58BF52232E6BBC00A13142 /* Nimble.framework in CopyFiles */,
				BB58BF53232E6BBC00A13142 /* Quick.framework in CopyFiles */,
			);
			runOnlyForDeploymentPostprocessing = 0;
		};
/* End PBXCopyFilesBuildPhase section */

/* Begin PBXFileReference section */
		BB19D9B823308941004DECD6 /* UISearchBar+Utils.swift */ = {isa = PBXFileReference; lastKnownFileType = sourcecode.swift; path = "UISearchBar+Utils.swift"; sourceTree = "<group>"; };
		BB46E07A2335C25400F02CE5 /* String+Date.swift */ = {isa = PBXFileReference; lastKnownFileType = sourcecode.swift; path = "String+Date.swift"; sourceTree = "<group>"; };
		BB46E07C2335C47800F02CE5 /* Date+Components.swift */ = {isa = PBXFileReference; lastKnownFileType = sourcecode.swift; path = "Date+Components.swift"; sourceTree = "<group>"; };
		BB46E07F2335DCB000F02CE5 /* ImageCache.swift */ = {isa = PBXFileReference; lastKnownFileType = sourcecode.swift; path = ImageCache.swift; sourceTree = "<group>"; };
		BB46E0812335DFE200F02CE5 /* UIImage+Download.swift */ = {isa = PBXFileReference; lastKnownFileType = sourcecode.swift; path = "UIImage+Download.swift"; sourceTree = "<group>"; };
		BB46E09123365C8B00F02CE5 /* ErrorView.swift */ = {isa = PBXFileReference; lastKnownFileType = sourcecode.swift; path = ErrorView.swift; sourceTree = "<group>"; };
		BB46E09323365CA700F02CE5 /* ErrorView.xib */ = {isa = PBXFileReference; lastKnownFileType = file.xib; path = ErrorView.xib; sourceTree = "<group>"; };
		BB46E09523365D3C00F02CE5 /* LoadingView.xib */ = {isa = PBXFileReference; lastKnownFileType = file.xib; path = LoadingView.xib; sourceTree = "<group>"; };
		BB46E09723365D4A00F02CE5 /* LoadingView.swift */ = {isa = PBXFileReference; lastKnownFileType = sourcecode.swift; path = LoadingView.swift; sourceTree = "<group>"; };
		BB46E09923365D5F00F02CE5 /* NotFoundView.swift */ = {isa = PBXFileReference; lastKnownFileType = sourcecode.swift; path = NotFoundView.swift; sourceTree = "<group>"; };
		BB46E09B23365D6F00F02CE5 /* NotFoundView.xib */ = {isa = PBXFileReference; lastKnownFileType = file.xib; path = NotFoundView.xib; sourceTree = "<group>"; };
		BB46E09D233669B700F02CE5 /* UIView+Extras.swift */ = {isa = PBXFileReference; lastKnownFileType = sourcecode.swift; path = "UIView+Extras.swift"; sourceTree = "<group>"; };
		BB51F51623397A5F0054EB57 /* UIViewController+Toast.swift */ = {isa = PBXFileReference; fileEncoding = 4; lastKnownFileType = sourcecode.swift; path = "UIViewController+Toast.swift"; sourceTree = "<group>"; };
		BB51F51823397BE90054EB57 /* SVProgressHUD.framework */ = {isa = PBXFileReference; lastKnownFileType = wrapper.framework; name = SVProgressHUD.framework; path = Carthage/Build/iOS/SVProgressHUD.framework; sourceTree = "<group>"; };
		BB58BF4B232E6AD000A13142 /* Quick.framework */ = {isa = PBXFileReference; lastKnownFileType = wrapper.framework; name = Quick.framework; path = Carthage/Build/iOS/Quick.framework; sourceTree = "<group>"; };
		BB58BF4C232E6AD000A13142 /* Nimble.framework */ = {isa = PBXFileReference; lastKnownFileType = wrapper.framework; name = Nimble.framework; path = Carthage/Build/iOS/Nimble.framework; sourceTree = "<group>"; };
		BB58BF8C232E877000A13142 /* UIColor+UtilSpec.swift */ = {isa = PBXFileReference; lastKnownFileType = sourcecode.swift; path = "UIColor+UtilSpec.swift"; sourceTree = "<group>"; };
		BB58BF8E232E877E00A13142 /* UIImage+TintSpec.swift */ = {isa = PBXFileReference; lastKnownFileType = sourcecode.swift; path = "UIImage+TintSpec.swift"; sourceTree = "<group>"; };
		BB58BF90232E8C3D00A13142 /* ImageTintColor.png */ = {isa = PBXFileReference; lastKnownFileType = image.png; path = ImageTintColor.png; sourceTree = "<group>"; };
		BB58BF94232E907A00A13142 /* ImageTintColorRed.png */ = {isa = PBXFileReference; lastKnownFileType = image.png; path = ImageTintColorRed.png; sourceTree = "<group>"; };
		BB58BFC8232EAB0E00A13142 /* AssetsSpec.swift */ = {isa = PBXFileReference; lastKnownFileType = sourcecode.swift; path = AssetsSpec.swift; sourceTree = "<group>"; };
		BB61920023243AFC007E4C48 /* CommonAssets.xcassets */ = {isa = PBXFileReference; lastKnownFileType = folder.assetcatalog; path = CommonAssets.xcassets; sourceTree = "<group>"; };
		BB61920223243B01007E4C48 /* Assets.swift */ = {isa = PBXFileReference; fileEncoding = 4; lastKnownFileType = sourcecode.swift; path = Assets.swift; sourceTree = "<group>"; };
		BB61920623244503007E4C48 /* UIColor+Util.swift */ = {isa = PBXFileReference; lastKnownFileType = sourcecode.swift; path = "UIColor+Util.swift"; sourceTree = "<group>"; };
		BBD3264F2323D8D9006E7DBC /* Common.framework */ = {isa = PBXFileReference; explicitFileType = wrapper.framework; includeInIndex = 0; path = Common.framework; sourceTree = BUILT_PRODUCTS_DIR; };
		BBD326522323D8D9006E7DBC /* Common.h */ = {isa = PBXFileReference; lastKnownFileType = sourcecode.c.h; path = Common.h; sourceTree = "<group>"; };
		BBD326532323D8D9006E7DBC /* Info.plist */ = {isa = PBXFileReference; lastKnownFileType = text.plist.xml; path = Info.plist; sourceTree = "<group>"; };
		BBD326582323D8D9006E7DBC /* CommonTests.xctest */ = {isa = PBXFileReference; explicitFileType = wrapper.cfbundle; includeInIndex = 0; path = CommonTests.xctest; sourceTree = BUILT_PRODUCTS_DIR; };
		BBD3265F2323D8D9006E7DBC /* Info.plist */ = {isa = PBXFileReference; lastKnownFileType = text.plist.xml; path = Info.plist; sourceTree = "<group>"; };
		BBE2E32C232B1DCA008D811D /* UIImage+Tint.swift */ = {isa = PBXFileReference; lastKnownFileType = sourcecode.swift; path = "UIImage+Tint.swift"; sourceTree = "<group>"; };
		BBEBC5392340E41F0020CC25 /* Apis.swift */ = {isa = PBXFileReference; lastKnownFileType = sourcecode.swift; path = Apis.swift; sourceTree = "<group>"; };
		BBEBC53B2340E5750020CC25 /* MoviesApi.swift */ = {isa = PBXFileReference; lastKnownFileType = sourcecode.swift; path = MoviesApi.swift; sourceTree = "<group>"; };
		BBEBC53D2340E5B70020CC25 /* GenresApi.swift */ = {isa = PBXFileReference; lastKnownFileType = sourcecode.swift; path = GenresApi.swift; sourceTree = "<group>"; };
		BBEBC5402340E97F0020CC25 /* Movie.swift */ = {isa = PBXFileReference; fileEncoding = 4; lastKnownFileType = sourcecode.swift; path = Movie.swift; sourceTree = "<group>"; };
		BBEBC5412340E97F0020CC25 /* Genre.swift */ = {isa = PBXFileReference; fileEncoding = 4; lastKnownFileType = sourcecode.swift; path = Genre.swift; sourceTree = "<group>"; };
		BBEBC5422340E97F0020CC25 /* MovieSearchResult.swift */ = {isa = PBXFileReference; fileEncoding = 4; lastKnownFileType = sourcecode.swift; path = MovieSearchResult.swift; sourceTree = "<group>"; };
		BBEBC5432340E97F0020CC25 /* GenreListResult.swift */ = {isa = PBXFileReference; fileEncoding = 4; lastKnownFileType = sourcecode.swift; path = GenreListResult.swift; sourceTree = "<group>"; };
		BBEBC5492340EC690020CC25 /* PopularMoviesRequest.swift */ = {isa = PBXFileReference; lastKnownFileType = sourcecode.swift; path = PopularMoviesRequest.swift; sourceTree = "<group>"; };
/* End PBXFileReference section */

/* Begin PBXFrameworksBuildPhase section */
		BBD3264C2323D8D9006E7DBC /* Frameworks */ = {
			isa = PBXFrameworksBuildPhase;
			buildActionMask = 2147483647;
			files = (
				BB51F51923397BE90054EB57 /* SVProgressHUD.framework in Frameworks */,
			);
			runOnlyForDeploymentPostprocessing = 0;
		};
		BBD326552323D8D9006E7DBC /* Frameworks */ = {
			isa = PBXFrameworksBuildPhase;
			buildActionMask = 2147483647;
			files = (
				BBD326592323D8D9006E7DBC /* Common.framework in Frameworks */,
				BB58BF4D232E6AD000A13142 /* Quick.framework in Frameworks */,
				BB58BF4E232E6AD000A13142 /* Nimble.framework in Frameworks */,
			);
			runOnlyForDeploymentPostprocessing = 0;
		};
/* End PBXFrameworksBuildPhase section */

/* Begin PBXGroup section */
		BB46E07E2335DC6B00F02CE5 /* Cache */ = {
			isa = PBXGroup;
			children = (
				BB46E07F2335DCB000F02CE5 /* ImageCache.swift */,
			);
			path = Cache;
			sourceTree = "<group>";
		};
		BB46E08923365BFB00F02CE5 /* UIKit */ = {
			isa = PBXGroup;
			children = (
				BB46E09F233669D100F02CE5 /* Extension */,
				BB46E08A23365C0A00F02CE5 /* Views */,
			);
			path = UIKit;
			sourceTree = "<group>";
		};
		BB46E08A23365C0A00F02CE5 /* Views */ = {
			isa = PBXGroup;
			children = (
				BB46E09123365C8B00F02CE5 /* ErrorView.swift */,
				BB46E09323365CA700F02CE5 /* ErrorView.xib */,
				BB46E09723365D4A00F02CE5 /* LoadingView.swift */,
				BB46E09523365D3C00F02CE5 /* LoadingView.xib */,
				BB46E09923365D5F00F02CE5 /* NotFoundView.swift */,
				BB46E09B23365D6F00F02CE5 /* NotFoundView.xib */,
			);
			path = Views;
			sourceTree = "<group>";
		};
		BB46E09F233669D100F02CE5 /* Extension */ = {
			isa = PBXGroup;
			children = (
				BB46E09D233669B700F02CE5 /* UIView+Extras.swift */,
				BB51F51623397A5F0054EB57 /* UIViewController+Toast.swift */,
			);
			path = Extension;
			sourceTree = "<group>";
		};
		BB58BF4A232E6AD000A13142 /* Frameworks */ = {
			isa = PBXGroup;
			children = (
				BB51F51823397BE90054EB57 /* SVProgressHUD.framework */,
				BB58BF4C232E6AD000A13142 /* Nimble.framework */,
				BB58BF4B232E6AD000A13142 /* Quick.framework */,
			);
			name = Frameworks;
			sourceTree = "<group>";
		};
		BB58BF59232E6D5500A13142 /* TestResources */ = {
			isa = PBXGroup;
			children = (
				BB58BF90232E8C3D00A13142 /* ImageTintColor.png */,
				BB58BF94232E907A00A13142 /* ImageTintColorRed.png */,
			);
			path = TestResources;
			sourceTree = "<group>";
		};
		BB58BF65232E792200A13142 /* HelperClasses */ = {
			isa = PBXGroup;
			children = (
			);
			path = HelperClasses;
			sourceTree = "<group>";
		};
		BB58BF8A232E874A00A13142 /* Extensions */ = {
			isa = PBXGroup;
			children = (
				BB58BF8B232E876000A13142 /* UIKit */,
			);
			path = Extensions;
			sourceTree = "<group>";
		};
		BB58BF8B232E876000A13142 /* UIKit */ = {
			isa = PBXGroup;
			children = (
				BB58BF8C232E877000A13142 /* UIColor+UtilSpec.swift */,
				BB58BF8E232E877E00A13142 /* UIImage+TintSpec.swift */,
			);
			path = UIKit;
			sourceTree = "<group>";
		};
		BB58BFC7232EAAF100A13142 /* Resources */ = {
			isa = PBXGroup;
			children = (
				BB58BFC8232EAB0E00A13142 /* AssetsSpec.swift */,
			);
			path = Resources;
			sourceTree = "<group>";
		};
		BB6191FF23243AE3007E4C48 /* Resources */ = {
			isa = PBXGroup;
			children = (
				BB61920023243AFC007E4C48 /* CommonAssets.xcassets */,
				BB61920223243B01007E4C48 /* Assets.swift */,
			);
			path = Resources;
			sourceTree = "<group>";
		};
		BB619204232444E7007E4C48 /* Extensions */ = {
			isa = PBXGroup;
			children = (
				BB619205232444EF007E4C48 /* UIKit */,
				BB46E07A2335C25400F02CE5 /* String+Date.swift */,
				BB46E07C2335C47800F02CE5 /* Date+Components.swift */,
			);
			path = Extensions;
			sourceTree = "<group>";
		};
		BB619205232444EF007E4C48 /* UIKit */ = {
			isa = PBXGroup;
			children = (
				BB61920623244503007E4C48 /* UIColor+Util.swift */,
				BBE2E32C232B1DCA008D811D /* UIImage+Tint.swift */,
				BB19D9B823308941004DECD6 /* UISearchBar+Utils.swift */,
				BB46E0812335DFE200F02CE5 /* UIImage+Download.swift */,
			);
			path = UIKit;
			sourceTree = "<group>";
		};
		BBD326452323D8D9006E7DBC = {
			isa = PBXGroup;
			children = (
				BBD326512323D8D9006E7DBC /* Common */,
				BBD3265C2323D8D9006E7DBC /* CommonTests */,
				BBD326502323D8D9006E7DBC /* Products */,
				BB58BF4A232E6AD000A13142 /* Frameworks */,
			);
			sourceTree = "<group>";
		};
		BBD326502323D8D9006E7DBC /* Products */ = {
			isa = PBXGroup;
			children = (
				BBD3264F2323D8D9006E7DBC /* Common.framework */,
				BBD326582323D8D9006E7DBC /* CommonTests.xctest */,
			);
			name = Products;
			sourceTree = "<group>";
		};
		BBD326512323D8D9006E7DBC /* Common */ = {
			isa = PBXGroup;
			children = (
				BB619204232444E7007E4C48 /* Extensions */,
				BBEBC53F2340E97F0020CC25 /* Models */,
				BBEBC5382340E4030020CC25 /* Networking */,
				BB6191FF23243AE3007E4C48 /* Resources */,
				BB46E07E2335DC6B00F02CE5 /* Cache */,
				BB46E08923365BFB00F02CE5 /* UIKit */,
				BBD326522323D8D9006E7DBC /* Common.h */,
				BBD326532323D8D9006E7DBC /* Info.plist */,
			);
			path = Common;
			sourceTree = "<group>";
		};
		BBD3265C2323D8D9006E7DBC /* CommonTests */ = {
			isa = PBXGroup;
			children = (
				BB58BF65232E792200A13142 /* HelperClasses */,
				BB58BF59232E6D5500A13142 /* TestResources */,
				BB58BF8A232E874A00A13142 /* Extensions */,
				BB58BFC7232EAAF100A13142 /* Resources */,
				BBD3265F2323D8D9006E7DBC /* Info.plist */,
			);
			path = CommonTests;
			sourceTree = "<group>";
		};
		BBEBC5382340E4030020CC25 /* Networking */ = {
			isa = PBXGroup;
			children = (
				BBEBC5482340EC590020CC25 /* Requests */,
				BBEBC5392340E41F0020CC25 /* Apis.swift */,
				BBEBC53B2340E5750020CC25 /* MoviesApi.swift */,
				BBEBC53D2340E5B70020CC25 /* GenresApi.swift */,
			);
			path = Networking;
			sourceTree = "<group>";
		};
		BBEBC53F2340E97F0020CC25 /* Models */ = {
			isa = PBXGroup;
			children = (
				BBEBC5402340E97F0020CC25 /* Movie.swift */,
				BBEBC5412340E97F0020CC25 /* Genre.swift */,
				BBEBC5422340E97F0020CC25 /* MovieSearchResult.swift */,
				BBEBC5432340E97F0020CC25 /* GenreListResult.swift */,
			);
			path = Models;
			sourceTree = "<group>";
		};
		BBEBC5482340EC590020CC25 /* Requests */ = {
			isa = PBXGroup;
			children = (
				BBEBC5492340EC690020CC25 /* PopularMoviesRequest.swift */,
			);
			path = Requests;
			sourceTree = "<group>";
		};
/* End PBXGroup section */

/* Begin PBXHeadersBuildPhase section */
		BBD3264A2323D8D9006E7DBC /* Headers */ = {
			isa = PBXHeadersBuildPhase;
			buildActionMask = 2147483647;
			files = (
				BBD326602323D8DA006E7DBC /* Common.h in Headers */,
			);
			runOnlyForDeploymentPostprocessing = 0;
		};
/* End PBXHeadersBuildPhase section */

/* Begin PBXNativeTarget section */
		BBD3264E2323D8D9006E7DBC /* Common */ = {
			isa = PBXNativeTarget;
			buildConfigurationList = BBD326632323D8DA006E7DBC /* Build configuration list for PBXNativeTarget "Common" */;
			buildPhases = (
				BBD3264A2323D8D9006E7DBC /* Headers */,
				BBD3264B2323D8D9006E7DBC /* Sources */,
				BBD3264C2323D8D9006E7DBC /* Frameworks */,
				BBD3264D2323D8D9006E7DBC /* Resources */,
				BBD326692323DA0C006E7DBC /* ShellScript */,
			);
			buildRules = (
			);
			dependencies = (
			);
			name = Common;
			productName = Common;
			productReference = BBD3264F2323D8D9006E7DBC /* Common.framework */;
			productType = "com.apple.product-type.framework";
		};
		BBD326572323D8D9006E7DBC /* CommonTests */ = {
			isa = PBXNativeTarget;
			buildConfigurationList = BBD326662323D8DA006E7DBC /* Build configuration list for PBXNativeTarget "CommonTests" */;
			buildPhases = (
				BBD326542323D8D9006E7DBC /* Sources */,
				BBD326552323D8D9006E7DBC /* Frameworks */,
				BBD326562323D8D9006E7DBC /* Resources */,
				BB58BF51232E6BAE00A13142 /* CopyFiles */,
			);
			buildRules = (
			);
			dependencies = (
				BBD3265B2323D8D9006E7DBC /* PBXTargetDependency */,
			);
			name = CommonTests;
			productName = CommonTests;
			productReference = BBD326582323D8D9006E7DBC /* CommonTests.xctest */;
			productType = "com.apple.product-type.bundle.unit-test";
		};
/* End PBXNativeTarget section */

/* Begin PBXProject section */
		BBD326462323D8D9006E7DBC /* Project object */ = {
			isa = PBXProject;
			attributes = {
				LastSwiftUpdateCheck = 1030;
				LastUpgradeCheck = 1100;
				ORGANIZATIONNAME = "José Inácio Athayde Ferrarini";
				TargetAttributes = {
					BBD3264E2323D8D9006E7DBC = {
						CreatedOnToolsVersion = 10.3;
						LastSwiftMigration = 1030;
					};
					BBD326572323D8D9006E7DBC = {
						CreatedOnToolsVersion = 10.3;
					};
				};
			};
			buildConfigurationList = BBD326492323D8D9006E7DBC /* Build configuration list for PBXProject "Common" */;
			compatibilityVersion = "Xcode 9.3";
			developmentRegion = en;
			hasScannedForEncodings = 0;
			knownRegions = (
				en,
				"en-US",
				"pt-BR",
				Base,
			);
			mainGroup = BBD326452323D8D9006E7DBC;
			productRefGroup = BBD326502323D8D9006E7DBC /* Products */;
			projectDirPath = "";
			projectRoot = "";
			targets = (
				BBD3264E2323D8D9006E7DBC /* Common */,
				BBD326572323D8D9006E7DBC /* CommonTests */,
			);
		};
/* End PBXProject section */

/* Begin PBXResourcesBuildPhase section */
		BBD3264D2323D8D9006E7DBC /* Resources */ = {
			isa = PBXResourcesBuildPhase;
			buildActionMask = 2147483647;
			files = (
				BB46E09623365D3C00F02CE5 /* LoadingView.xib in Resources */,
				BB46E09C23365D6F00F02CE5 /* NotFoundView.xib in Resources */,
				BB61920123243AFC007E4C48 /* CommonAssets.xcassets in Resources */,
				BB46E09423365CA700F02CE5 /* ErrorView.xib in Resources */,
			);
			runOnlyForDeploymentPostprocessing = 0;
		};
		BBD326562323D8D9006E7DBC /* Resources */ = {
			isa = PBXResourcesBuildPhase;
			buildActionMask = 2147483647;
			files = (
				BB58BF91232E8C3D00A13142 /* ImageTintColor.png in Resources */,
				BB58BF95232E907B00A13142 /* ImageTintColorRed.png in Resources */,
			);
			runOnlyForDeploymentPostprocessing = 0;
		};
/* End PBXResourcesBuildPhase section */

/* Begin PBXShellScriptBuildPhase section */
		BBD326692323DA0C006E7DBC /* ShellScript */ = {
			isa = PBXShellScriptBuildPhase;
			buildActionMask = 2147483647;
			files = (
			);
			inputFileListPaths = (
			);
			inputPaths = (
			);
			outputFileListPaths = (
			);
			outputPaths = (
			);
			runOnlyForDeploymentPostprocessing = 0;
			shellPath = /bin/sh;
			shellScript = "# Type a script or drag a script file from your workspace to insert its path.\nif which swiftlint >/dev/null; then\nswiftlint\nelse\necho \"warning: SwiftLint not installed, download from https://github.com/realm/SwiftLint\"\nfi\n";
		};
/* End PBXShellScriptBuildPhase section */

/* Begin PBXSourcesBuildPhase section */
		BBD3264B2323D8D9006E7DBC /* Sources */ = {
			isa = PBXSourcesBuildPhase;
			buildActionMask = 2147483647;
			files = (
				BB46E09E233669B700F02CE5 /* UIView+Extras.swift in Sources */,
				BB61920723244503007E4C48 /* UIColor+Util.swift in Sources */,
				BB46E09A23365D5F00F02CE5 /* NotFoundView.swift in Sources */,
				BB61920323243B01007E4C48 /* Assets.swift in Sources */,
				BBEBC54A2340EC690020CC25 /* PopularMoviesRequest.swift in Sources */,
				BBEBC5472340E97F0020CC25 /* GenreListResult.swift in Sources */,
				BB51F51723397A5F0054EB57 /* UIViewController+Toast.swift in Sources */,
				BB46E09823365D4A00F02CE5 /* LoadingView.swift in Sources */,
				BBE2E32D232B1DCA008D811D /* UIImage+Tint.swift in Sources */,
				BB46E07D2335C47800F02CE5 /* Date+Components.swift in Sources */,
				BBEBC5462340E97F0020CC25 /* MovieSearchResult.swift in Sources */,
				BB46E09223365C8B00F02CE5 /* ErrorView.swift in Sources */,
				BBEBC5452340E97F0020CC25 /* Genre.swift in Sources */,
				BB46E07B2335C25400F02CE5 /* String+Date.swift in Sources */,
				BBEBC53A2340E41F0020CC25 /* Apis.swift in Sources */,
				BBEBC53C2340E5750020CC25 /* MoviesApi.swift in Sources */,
				BBEBC53E2340E5B70020CC25 /* GenresApi.swift in Sources */,
				BB46E0822335DFE200F02CE5 /* UIImage+Download.swift in Sources */,
				BB19D9B923308941004DECD6 /* UISearchBar+Utils.swift in Sources */,
				BB46E0802335DCB000F02CE5 /* ImageCache.swift in Sources */,
				BBEBC5442340E97F0020CC25 /* Movie.swift in Sources */,
			);
			runOnlyForDeploymentPostprocessing = 0;
		};
		BBD326542323D8D9006E7DBC /* Sources */ = {
			isa = PBXSourcesBuildPhase;
			buildActionMask = 2147483647;
			files = (
				BB58BFC9232EAB0E00A13142 /* AssetsSpec.swift in Sources */,
				BB58BF8D232E877000A13142 /* UIColor+UtilSpec.swift in Sources */,
				BB58BF8F232E877E00A13142 /* UIImage+TintSpec.swift in Sources */,
			);
			runOnlyForDeploymentPostprocessing = 0;
		};
/* End PBXSourcesBuildPhase section */

/* Begin PBXTargetDependency section */
		BBD3265B2323D8D9006E7DBC /* PBXTargetDependency */ = {
			isa = PBXTargetDependency;
			target = BBD3264E2323D8D9006E7DBC /* Common */;
			targetProxy = BBD3265A2323D8D9006E7DBC /* PBXContainerItemProxy */;
		};
/* End PBXTargetDependency section */

/* Begin XCBuildConfiguration section */
		BBD326612323D8DA006E7DBC /* Debug */ = {
			isa = XCBuildConfiguration;
			buildSettings = {
				ALWAYS_SEARCH_USER_PATHS = NO;
				CLANG_ANALYZER_LOCALIZABILITY_NONLOCALIZED = YES;
				CLANG_ANALYZER_NONNULL = YES;
				CLANG_ANALYZER_NUMBER_OBJECT_CONVERSION = YES_AGGRESSIVE;
				CLANG_CXX_LANGUAGE_STANDARD = "gnu++14";
				CLANG_CXX_LIBRARY = "libc++";
				CLANG_ENABLE_MODULES = YES;
				CLANG_ENABLE_OBJC_ARC = YES;
				CLANG_ENABLE_OBJC_WEAK = YES;
				CLANG_WARN_BLOCK_CAPTURE_AUTORELEASING = YES;
				CLANG_WARN_BOOL_CONVERSION = YES;
				CLANG_WARN_COMMA = YES;
				CLANG_WARN_CONSTANT_CONVERSION = YES;
				CLANG_WARN_DEPRECATED_OBJC_IMPLEMENTATIONS = YES;
				CLANG_WARN_DIRECT_OBJC_ISA_USAGE = YES_ERROR;
				CLANG_WARN_DOCUMENTATION_COMMENTS = YES;
				CLANG_WARN_EMPTY_BODY = YES;
				CLANG_WARN_ENUM_CONVERSION = YES;
				CLANG_WARN_INFINITE_RECURSION = YES;
				CLANG_WARN_INT_CONVERSION = YES;
				CLANG_WARN_NON_LITERAL_NULL_CONVERSION = YES;
				CLANG_WARN_OBJC_IMPLICIT_RETAIN_SELF = YES;
				CLANG_WARN_OBJC_LITERAL_CONVERSION = YES;
				CLANG_WARN_OBJC_ROOT_CLASS = YES_ERROR;
				CLANG_WARN_RANGE_LOOP_ANALYSIS = YES;
				CLANG_WARN_STRICT_PROTOTYPES = YES;
				CLANG_WARN_SUSPICIOUS_MOVE = YES;
				CLANG_WARN_UNGUARDED_AVAILABILITY = YES_AGGRESSIVE;
				CLANG_WARN_UNREACHABLE_CODE = YES;
				CLANG_WARN__DUPLICATE_METHOD_MATCH = YES;
				CODE_SIGN_IDENTITY = "iPhone Developer";
				COPY_PHASE_STRIP = NO;
				CURRENT_PROJECT_VERSION = 1;
				DEBUG_INFORMATION_FORMAT = dwarf;
				ENABLE_STRICT_OBJC_MSGSEND = YES;
				ENABLE_TESTABILITY = YES;
				GCC_C_LANGUAGE_STANDARD = gnu11;
				GCC_DYNAMIC_NO_PIC = NO;
				GCC_NO_COMMON_BLOCKS = YES;
				GCC_OPTIMIZATION_LEVEL = 0;
				GCC_PREPROCESSOR_DEFINITIONS = (
					"DEBUG=1",
					"$(inherited)",
				);
				GCC_WARN_64_TO_32_BIT_CONVERSION = YES;
				GCC_WARN_ABOUT_RETURN_TYPE = YES_ERROR;
				GCC_WARN_UNDECLARED_SELECTOR = YES;
				GCC_WARN_UNINITIALIZED_AUTOS = YES_AGGRESSIVE;
				GCC_WARN_UNUSED_FUNCTION = YES;
				GCC_WARN_UNUSED_VARIABLE = YES;
				IPHONEOS_DEPLOYMENT_TARGET = 12.0;
				MTL_ENABLE_DEBUG_INFO = INCLUDE_SOURCE;
				MTL_FAST_MATH = YES;
				ONLY_ACTIVE_ARCH = YES;
				SDKROOT = iphoneos;
				SWIFT_ACTIVE_COMPILATION_CONDITIONS = DEBUG;
				SWIFT_OPTIMIZATION_LEVEL = "-Onone";
				SWIFT_VERSION = 4.2;
				VERSIONING_SYSTEM = "apple-generic";
				VERSION_INFO_PREFIX = "";
			};
			name = Debug;
		};
		BBD326622323D8DA006E7DBC /* Release */ = {
			isa = XCBuildConfiguration;
			buildSettings = {
				ALWAYS_SEARCH_USER_PATHS = NO;
				CLANG_ANALYZER_LOCALIZABILITY_NONLOCALIZED = YES;
				CLANG_ANALYZER_NONNULL = YES;
				CLANG_ANALYZER_NUMBER_OBJECT_CONVERSION = YES_AGGRESSIVE;
				CLANG_CXX_LANGUAGE_STANDARD = "gnu++14";
				CLANG_CXX_LIBRARY = "libc++";
				CLANG_ENABLE_MODULES = YES;
				CLANG_ENABLE_OBJC_ARC = YES;
				CLANG_ENABLE_OBJC_WEAK = YES;
				CLANG_WARN_BLOCK_CAPTURE_AUTORELEASING = YES;
				CLANG_WARN_BOOL_CONVERSION = YES;
				CLANG_WARN_COMMA = YES;
				CLANG_WARN_CONSTANT_CONVERSION = YES;
				CLANG_WARN_DEPRECATED_OBJC_IMPLEMENTATIONS = YES;
				CLANG_WARN_DIRECT_OBJC_ISA_USAGE = YES_ERROR;
				CLANG_WARN_DOCUMENTATION_COMMENTS = YES;
				CLANG_WARN_EMPTY_BODY = YES;
				CLANG_WARN_ENUM_CONVERSION = YES;
				CLANG_WARN_INFINITE_RECURSION = YES;
				CLANG_WARN_INT_CONVERSION = YES;
				CLANG_WARN_NON_LITERAL_NULL_CONVERSION = YES;
				CLANG_WARN_OBJC_IMPLICIT_RETAIN_SELF = YES;
				CLANG_WARN_OBJC_LITERAL_CONVERSION = YES;
				CLANG_WARN_OBJC_ROOT_CLASS = YES_ERROR;
				CLANG_WARN_RANGE_LOOP_ANALYSIS = YES;
				CLANG_WARN_STRICT_PROTOTYPES = YES;
				CLANG_WARN_SUSPICIOUS_MOVE = YES;
				CLANG_WARN_UNGUARDED_AVAILABILITY = YES_AGGRESSIVE;
				CLANG_WARN_UNREACHABLE_CODE = YES;
				CLANG_WARN__DUPLICATE_METHOD_MATCH = YES;
				CODE_SIGN_IDENTITY = "iPhone Developer";
				COPY_PHASE_STRIP = NO;
				CURRENT_PROJECT_VERSION = 1;
				DEBUG_INFORMATION_FORMAT = "dwarf-with-dsym";
				ENABLE_NS_ASSERTIONS = NO;
				ENABLE_STRICT_OBJC_MSGSEND = YES;
				GCC_C_LANGUAGE_STANDARD = gnu11;
				GCC_NO_COMMON_BLOCKS = YES;
				GCC_WARN_64_TO_32_BIT_CONVERSION = YES;
				GCC_WARN_ABOUT_RETURN_TYPE = YES_ERROR;
				GCC_WARN_UNDECLARED_SELECTOR = YES;
				GCC_WARN_UNINITIALIZED_AUTOS = YES_AGGRESSIVE;
				GCC_WARN_UNUSED_FUNCTION = YES;
				GCC_WARN_UNUSED_VARIABLE = YES;
				IPHONEOS_DEPLOYMENT_TARGET = 12.0;
				MTL_ENABLE_DEBUG_INFO = NO;
				MTL_FAST_MATH = YES;
				SDKROOT = iphoneos;
				SWIFT_COMPILATION_MODE = wholemodule;
				SWIFT_OPTIMIZATION_LEVEL = "-O";
				SWIFT_VERSION = 4.2;
				VALIDATE_PRODUCT = YES;
				VERSIONING_SYSTEM = "apple-generic";
				VERSION_INFO_PREFIX = "";
			};
			name = Release;
		};
		BBD326642323D8DA006E7DBC /* Debug */ = {
			isa = XCBuildConfiguration;
			buildSettings = {
				CLANG_ENABLE_MODULES = YES;
				CODE_SIGN_IDENTITY = "";
				CODE_SIGN_STYLE = Automatic;
				DEFINES_MODULE = YES;
				DEVELOPMENT_TEAM = TS43775FV9;
				DYLIB_COMPATIBILITY_VERSION = 1;
				DYLIB_CURRENT_VERSION = 1;
				DYLIB_INSTALL_NAME_BASE = "@rpath";
				FRAMEWORK_SEARCH_PATHS = (
					"$(inherited)",
					"$(PROJECT_DIR)/Carthage/Build/iOS",
				);
				INFOPLIST_FILE = Common/Info.plist;
				INSTALL_PATH = "$(LOCAL_LIBRARY_DIR)/Frameworks";
				LD_RUNPATH_SEARCH_PATHS = (
					"$(inherited)",
					"@executable_path/Frameworks",
					"@loader_path/Frameworks",
				);
				PRODUCT_BUNDLE_IDENTIFIER = com.inacio.concrete.Common;
				PRODUCT_NAME = "$(TARGET_NAME:c99extidentifier)";
				SKIP_INSTALL = YES;
				SWIFT_OPTIMIZATION_LEVEL = "-Onone";
				SWIFT_VERSION = 4.2;
				TARGETED_DEVICE_FAMILY = "1,2";
			};
			name = Debug;
		};
		BBD326652323D8DA006E7DBC /* Release */ = {
			isa = XCBuildConfiguration;
			buildSettings = {
				CLANG_ENABLE_MODULES = YES;
				CODE_SIGN_IDENTITY = "";
				CODE_SIGN_STYLE = Automatic;
				DEFINES_MODULE = YES;
				DEVELOPMENT_TEAM = TS43775FV9;
				DYLIB_COMPATIBILITY_VERSION = 1;
				DYLIB_CURRENT_VERSION = 1;
				DYLIB_INSTALL_NAME_BASE = "@rpath";
				FRAMEWORK_SEARCH_PATHS = (
					"$(inherited)",
					"$(PROJECT_DIR)/Carthage/Build/iOS",
				);
				INFOPLIST_FILE = Common/Info.plist;
				INSTALL_PATH = "$(LOCAL_LIBRARY_DIR)/Frameworks";
				LD_RUNPATH_SEARCH_PATHS = (
					"$(inherited)",
					"@executable_path/Frameworks",
					"@loader_path/Frameworks",
				);
				PRODUCT_BUNDLE_IDENTIFIER = com.inacio.concrete.Common;
				PRODUCT_NAME = "$(TARGET_NAME:c99extidentifier)";
				SKIP_INSTALL = YES;
				SWIFT_VERSION = 4.2;
				TARGETED_DEVICE_FAMILY = "1,2";
			};
			name = Release;
		};
		BBD326672323D8DA006E7DBC /* Debug */ = {
			isa = XCBuildConfiguration;
			buildSettings = {
				ALWAYS_EMBED_SWIFT_STANDARD_LIBRARIES = YES;
				CODE_SIGN_STYLE = Automatic;
				DEVELOPMENT_TEAM = TS43775FV9;
				FRAMEWORK_SEARCH_PATHS = (
					"$(inherited)",
					"$(PROJECT_DIR)/Carthage/Build/iOS",
				);
				INFOPLIST_FILE = CommonTests/Info.plist;
				LD_RUNPATH_SEARCH_PATHS = (
					"$(inherited)",
					"@executable_path/Frameworks",
					"@loader_path/Frameworks",
				);
				PRODUCT_BUNDLE_IDENTIFIER = com.inacio.concrete.CommonTests;
				PRODUCT_NAME = "$(TARGET_NAME)";
				SWIFT_VERSION = 4.2;
				TARGETED_DEVICE_FAMILY = "1,2";
			};
			name = Debug;
		};
		BBD326682323D8DA006E7DBC /* Release */ = {
			isa = XCBuildConfiguration;
			buildSettings = {
				ALWAYS_EMBED_SWIFT_STANDARD_LIBRARIES = YES;
				CODE_SIGN_STYLE = Automatic;
				DEVELOPMENT_TEAM = TS43775FV9;
				FRAMEWORK_SEARCH_PATHS = (
					"$(inherited)",
					"$(PROJECT_DIR)/Carthage/Build/iOS",
				);
				INFOPLIST_FILE = CommonTests/Info.plist;
				LD_RUNPATH_SEARCH_PATHS = (
					"$(inherited)",
					"@executable_path/Frameworks",
					"@loader_path/Frameworks",
				);
				PRODUCT_BUNDLE_IDENTIFIER = com.inacio.concrete.CommonTests;
				PRODUCT_NAME = "$(TARGET_NAME)";
				SWIFT_VERSION = 4.2;
				TARGETED_DEVICE_FAMILY = "1,2";
			};
			name = Release;
		};
/* End XCBuildConfiguration section */

/* Begin XCConfigurationList section */
		BBD326492323D8D9006E7DBC /* Build configuration list for PBXProject "Common" */ = {
			isa = XCConfigurationList;
			buildConfigurations = (
				BBD326612323D8DA006E7DBC /* Debug */,
				BBD326622323D8DA006E7DBC /* Release */,
			);
			defaultConfigurationIsVisible = 0;
			defaultConfigurationName = Release;
		};
		BBD326632323D8DA006E7DBC /* Build configuration list for PBXNativeTarget "Common" */ = {
			isa = XCConfigurationList;
			buildConfigurations = (
				BBD326642323D8DA006E7DBC /* Debug */,
				BBD326652323D8DA006E7DBC /* Release */,
			);
			defaultConfigurationIsVisible = 0;
			defaultConfigurationName = Release;
		};
		BBD326662323D8DA006E7DBC /* Build configuration list for PBXNativeTarget "CommonTests" */ = {
			isa = XCConfigurationList;
			buildConfigurations = (
				BBD326672323D8DA006E7DBC /* Debug */,
				BBD326682323D8DA006E7DBC /* Release */,
			);
			defaultConfigurationIsVisible = 0;
			defaultConfigurationName = Release;
		};
/* End XCConfigurationList section */
	};
	rootObject = BBD326462323D8D9006E7DBC /* Project object */;
}
